# Generated by move; do not edit
# This file should be checked in.

[move]
version = 4

[pinned.testnet.AptosFramework]
source = { git = "https://github.com/aptos-labs/aptos-framework.git", subdir = "aptos-framework", rev = "56855375281eeb5c5426eb30e4d40384adfc351d" }
use_environment = "testnet"
manifest_digest = "C924A1DD72F654232DD8FEBC0AE13E18A1F36490C87823757CA499A11BA46ADB"
deps = { AptosStdlib = "AptosStdlib", MoveStdlib = "MoveStdlib_1" }

[pinned.testnet.AptosStdlib]
source = { git = "https://github.com/aptos-labs/aptos-framework.git", subdir = "aptos-stdlib", rev = "56855375281eeb5c5426eb30e4d40384adfc351d" }
use_environment = "testnet"
manifest_digest = "7AFB66695545775FBFBB2D3078ADFD084244D5002392E837FDE21D9EA1C6D01C"
deps = { MoveStdlib = "MoveStdlib_1" }

[pinned.testnet.MoveStdlib]
source = { git = "https://github.com/MystenLabs/sui.git", subdir = 'crates\sui-framework\packages\move-stdlib', rev = "367fd808279bed26f7c64fc63160062a2ee29ab7" }
use_environment = "testnet"
manifest_digest = "C4FE4C91DE74CBF223B2E380AE40F592177D21870DC2D7EB6227D2D694E05363"
deps = {}

[pinned.testnet.MoveStdlib_1]
source = { git = "https://github.com/aptos-labs/aptos-framework.git", subdir = "move-stdlib", rev = "56855375281eeb5c5426eb30e4d40384adfc351d" }
use_environment = "testnet"
manifest_digest = "C4FE4C91DE74CBF223B2E380AE40F592177D21870DC2D7EB6227D2D694E05363"
deps = {}

[pinned.testnet.Sui]
source = { git = "https://github.com/MystenLabs/sui.git", subdir = 'crates\sui-framework\packages\sui-framework', rev = "367fd808279bed26f7c64fc63160062a2ee29ab7" }
use_environment = "testnet"
manifest_digest = "7AFB66695545775FBFBB2D3078ADFD084244D5002392E837FDE21D9EA1C6D01C"
deps = { MoveStdlib = "MoveStdlib" }

[pinned.testnet.bp_demo]
source = { root = true }
use_environment = "testnet"
manifest_digest = "6D1C6E917A4F226B7B1E4D912E58DCD6F98844E3B26025A505C77183242D0D19"
deps = { AptosFramework = "AptosFramework", std = "MoveStdlib", sui = "Sui" }
